
Microsoft Visual Studio Solution File, Format Version 12.00
# Visual Studio Version 17
VisualStudioVersion = 17.9.34714.143
MinimumVisualStudioVersion = 10.0.40219.1
Project("{9A19103F-16F7-4668-BE54-9A1E7A4F7556}") = "libraryhue", "libraryhue.csproj", "{4D97D919-76B8-416A-A9ED-6605D519548F}"
EndProject
Project("{00D1A9C2-B5F0-4AF3-8072-F6C62B433612}") = "huedb", "..\huedb\huedb.sqlproj", "{80309E21-672E-44D9-B3D5-4D902014016E}"
EndProject
Global
	GlobalSection(SolutionConfigurationPlatforms) = preSolution
		Debug|Any CPU = Debug|Any CPU
		Release|Any CPU = Release|Any CPU
	EndGlobalSection
	GlobalSection(ProjectConfigurationPlatforms) = postSolution
		{4D97D919-76B8-416A-A9ED-6605D519548F}.Debug|Any CPU.ActiveCfg = Debug|Any CPU
		{4D97D919-76B8-416A-A9ED-6605D519548F}.Debug|Any CPU.Build.0 = Debug|Any CPU
		{4D97D919-76B8-416A-A9ED-6605D519548F}.Release|Any CPU.ActiveCfg = Release|Any CPU
		{4D97D919-76B8-416A-A9ED-6605D519548F}.Release|Any CPU.Build.0 = Release|Any CPU
		{80309E21-672E-44D9-B3D5-4D902014016E}.Debug|Any CPU.ActiveCfg = Debug|Any CPU
		{80309E21-672E-44D9-B3D5-4D902014016E}.Debug|Any CPU.Build.0 = Debug|Any CPU
		{80309E21-672E-44D9-B3D5-4D902014016E}.Debug|Any CPU.Deploy.0 = Debug|Any CPU
		{80309E21-672E-44D9-B3D5-4D902014016E}.Release|Any CPU.ActiveCfg = Release|Any CPU
		{80309E21-672E-44D9-B3D5-4D902014016E}.Release|Any CPU.Build.0 = Release|Any CPU
		{80309E21-672E-44D9-B3D5-4D902014016E}.Release|Any CPU.Deploy.0 = Release|Any CPU
	EndGlobalSection
	GlobalSection(SolutionProperties) = preSolution
		HideSolutionNode = FALSE
	EndGlobalSection
	GlobalSection(ExtensibilityGlobals) = postSolution
		SolutionGuid = {4B5C5047-4AFA-48CD-80A2-F09794876482}
	EndGlobalSection
EndGlobal
